<?xml version="1.0" encoding="utf-8"?>
<Project ToolsVersion="4.0" xmlns="http://schemas.microsoft.com/developer/msbuild/2003">
  <ItemGroup>
    <Filter Include="Source Files">
      <UniqueIdentifier>{4FC737F1-C7A5-4376-A066-2A32D752A2FF}</UniqueIdentifier>
      <Extensions>cpp;c;cc;cxx;def;odl;idl;hpj;bat;asm;asmx</Extensions>
    </Filter>
    <Filter Include="Header Files">
      <UniqueIdentifier>{93995380-89BD-4b04-88EB-625FBE52EBFB}</UniqueIdentifier>
      <Extensions>h;hh;hpp;hxx;hm;inl;inc;ipp;xsd</Extensions>
    </Filter>
    <Filter Include="Resource Files">
      <UniqueIdentifier>{67DA6AB6-F800-4c08-8B7A-83BB121AAD01}</UniqueIdentifier>
      <Extensions>rc;ico;cur;bmp;dlg;rc2;rct;bin;rgs;gif;jpg;jpeg;jpe;resx;tiff;tif;png;wav;mfcribbon-ms</Extensions>
    </Filter>
    <Filter Include="src">
      <UniqueIdentifier>{54101738-c0ef-40a7-be61-cf8ae2cbcae3}</UniqueIdentifier>
    </Filter>
    <Filter Include="src\BinaryReader">
      <UniqueIdentifier>{5568f67e-fdd2-4c16-bb85-bf72217b642c}</UniqueIdentifier>
    </Filter>
    <Filter Include="src\BinaryWriter">
      <UniqueIdentifier>{03c417c9-055a-45f5-83d9-42357834c20e}</UniqueIdentifier>
    </Filter>
    <Filter Include="src\helpers">
      <UniqueIdentifier>{063757fd-06fb-4f35-8362-005b4a8261b9}</UniqueIdentifier>
    </Filter>
  </ItemGroup>
  <ItemGroup>
    <ClCompile Include="BinaryTools.cpp">
      <Filter>src</Filter>
    </ClCompile>
    <ClCompile Include="BinaryReader.cpp">
      <Filter>src\BinaryReader</Filter>
    </ClCompile>
    <ClCompile Include="BinaryWriter.cpp">
      <Filter>src\BinaryWriter</Filter>
    </ClCompile>
    <ClCompile Include="Binary.cpp">
      <Filter>src\helpers</Filter>
    </ClCompile>
  </ItemGroup>
  <ItemGroup>
    <ClInclude Include="BinaryReader.h">
      <Filter>src\BinaryReader</Filter>
    </ClInclude>
    <ClInclude Include="BinaryWriter.h">
      <Filter>src\BinaryWriter</Filter>
    </ClInclude>
    <ClInclude Include="Binary.h">
      <Filter>src\helpers</Filter>
    </ClInclude>
    <ClInclude Include="MemoryBuffer.h">
      <Filter>src\helpers</Filter>
    </ClInclude>
    <ClInclude Include="Span.h">
      <Filter>src\helpers</Filter>
    </ClInclude>
  </ItemGroup>
</Project>