
Microsoft Visual Studio Solution File, Format Version 12.00
# Visual Studio Version 16
VisualStudioVersion = 16.0.31112.23
MinimumVisualStudioVersion = 10.0.40219.1
Project("{8BC9CEB8-8B4A-11D0-8D11-00A0C91BC942}") = "soh", "soh.vcxproj", "{31348AA7-8DC5-4FA7-955F-E80855CADE9E}"
	ProjectSection(ProjectDependencies) = postProject
		{78424708-1F6E-4D4B-920C-FB6D26847055} = {78424708-1F6E-4D4B-920C-FB6D26847055}
		{6DA9B521-65B7-41E2-8F8A-F0451CC18ED8} = {6DA9B521-65B7-41E2-8F8A-F0451CC18ED8}
		{A2E01C3E-D647-45D1-9788-043DEBC1A908} = {A2E01C3E-D647-45D1-9788-043DEBC1A908}
	EndProjectSection
EndProject
Project("{8BC9CEB8-8B4A-11D0-8D11-00A0C91BC942}") = "libultraship", "..\libultraship\libultraship\libultraship.vcxproj", "{6DA9B521-65B7-41E2-8F8A-F0451CC18ED8}"
EndProject
Project("{8BC9CEB8-8B4A-11D0-8D11-00A0C91BC942}") = "ZAPDUtils", "..\ZAPDTR\ZAPDUtils\ZAPDUtils.vcxproj", "{A2E01C3E-D647-45D1-9788-043DEBC1A908}"
EndProject
Project("{8BC9CEB8-8B4A-11D0-8D11-00A0C91BC942}") = "StormLib", "..\StormLib\StormLib_vs19.vcxproj", "{78424708-1F6E-4D4B-920C-FB6D26847055}"
EndProject
Global
	GlobalSection(SolutionConfigurationPlatforms) = preSolution
		Debug|x64 = Debug|x64
		Debug|x86 = Debug|x86
		Release|x64 = Release|x64
		Release|x86 = Release|x86
	EndGlobalSection
	GlobalSection(ProjectConfigurationPlatforms) = postSolution
		{31348AA7-8DC5-4FA7-955F-E80855CADE9E}.Debug|x64.ActiveCfg = Debug|x64
		{31348AA7-8DC5-4FA7-955F-E80855CADE9E}.Debug|x64.Build.0 = Debug|x64
		{31348AA7-8DC5-4FA7-955F-E80855CADE9E}.Debug|x86.ActiveCfg = Debug|Win32
		{31348AA7-8DC5-4FA7-955F-E80855CADE9E}.Debug|x86.Build.0 = Debug|Win32
		{31348AA7-8DC5-4FA7-955F-E80855CADE9E}.Release|x64.ActiveCfg = Release|x64
		{31348AA7-8DC5-4FA7-955F-E80855CADE9E}.Release|x64.Build.0 = Release|x64
		{31348AA7-8DC5-4FA7-955F-E80855CADE9E}.Release|x86.ActiveCfg = Release|Win32
		{31348AA7-8DC5-4FA7-955F-E80855CADE9E}.Release|x86.Build.0 = Release|Win32
		{6DA9B521-65B7-41E2-8F8A-F0451CC18ED8}.Debug|x64.ActiveCfg = Debug|x64
		{6DA9B521-65B7-41E2-8F8A-F0451CC18ED8}.Debug|x64.Build.0 = Debug|x64
		{6DA9B521-65B7-41E2-8F8A-F0451CC18ED8}.Debug|x86.ActiveCfg = Debug|Win32
		{6DA9B521-65B7-41E2-8F8A-F0451CC18ED8}.Debug|x86.Build.0 = Debug|Win32
		{6DA9B521-65B7-41E2-8F8A-F0451CC18ED8}.Release|x64.ActiveCfg = Release|x64
		{6DA9B521-65B7-41E2-8F8A-F0451CC18ED8}.Release|x64.Build.0 = Release|x64
		{6DA9B521-65B7-41E2-8F8A-F0451CC18ED8}.Release|x86.ActiveCfg = Release|Win32
		{6DA9B521-65B7-41E2-8F8A-F0451CC18ED8}.Release|x86.Build.0 = Release|Win32
		{A2E01C3E-D647-45D1-9788-043DEBC1A908}.Debug|x64.ActiveCfg = Debug|x64
		{A2E01C3E-D647-45D1-9788-043DEBC1A908}.Debug|x64.Build.0 = Debug|x64
		{A2E01C3E-D647-45D1-9788-043DEBC1A908}.Debug|x86.ActiveCfg = Debug|Win32
		{A2E01C3E-D647-45D1-9788-043DEBC1A908}.Debug|x86.Build.0 = Debug|Win32
		{A2E01C3E-D647-45D1-9788-043DEBC1A908}.Release|x64.ActiveCfg = Release|x64
		{A2E01C3E-D647-45D1-9788-043DEBC1A908}.Release|x64.Build.0 = Release|x64
		{A2E01C3E-D647-45D1-9788-043DEBC1A908}.Release|x86.ActiveCfg = Release|Win32
		{A2E01C3E-D647-45D1-9788-043DEBC1A908}.Release|x86.Build.0 = Release|Win32
		{78424708-1F6E-4D4B-920C-FB6D26847055}.Debug|x64.ActiveCfg = DebugUS|x64
		{78424708-1F6E-4D4B-920C-FB6D26847055}.Debug|x64.Build.0 = DebugUS|x64
		{78424708-1F6E-4D4B-920C-FB6D26847055}.Debug|x86.ActiveCfg = DebugUS|Win32
		{78424708-1F6E-4D4B-920C-FB6D26847055}.Debug|x86.Build.0 = DebugUS|Win32
		{78424708-1F6E-4D4B-920C-FB6D26847055}.Release|x64.ActiveCfg = ReleaseUS|x64
		{78424708-1F6E-4D4B-920C-FB6D26847055}.Release|x64.Build.0 = ReleaseUS|x64
		{78424708-1F6E-4D4B-920C-FB6D26847055}.Release|x86.ActiveCfg = ReleaseUS|Win32
		{78424708-1F6E-4D4B-920C-FB6D26847055}.Release|x86.Build.0 = ReleaseUS|Win32
	EndGlobalSection
	GlobalSection(SolutionProperties) = preSolution
		HideSolutionNode = FALSE
	EndGlobalSection
	GlobalSection(ExtensibilityGlobals) = postSolution
		SolutionGuid = {7659B687-4D92-4865-A037-045115E1C783}
	EndGlobalSection
EndGlobal
