Microsoft Visual Studio Solution File, Format Version 12.00
# Visual Studio Version 16
VisualStudioVersion = 16.0.30320.27
MinimumVisualStudioVersion = 10.0.40219.1
Project("{8BC9CEB8-8B4A-11D0-8D11-00A0C91BC942}") = "OTRExporter", "OTRExporter\OTRExporter.vcxproj", "{A6103FD3-0709-4FC7-B066-1A6E056D6306}"
	ProjectSection(ProjectDependencies) = postProject
		{6DA9B521-65B7-41E2-8F8A-F0451CC18ED8} = {6DA9B521-65B7-41E2-8F8A-F0451CC18ED8}
	EndProjectSection
EndProject
Project("{8BC9CEB8-8B4A-11D0-8D11-00A0C91BC942}") = "libultraship", "..\libultraship\libultraship\libultraship.vcxproj", "{6DA9B521-65B7-41E2-8F8A-F0451CC18ED8}"
EndProject
Project("{8BC9CEB8-8B4A-11D0-8D11-00A0C91BC942}") = "ZAPD", "..\ZAPDTR\ZAPD\ZAPD.vcxproj", "{B53F9E5B-0A58-4BAE-9AFE-856C8CBB8D36}"
	ProjectSection(ProjectDependencies) = postProject
		{78424708-1F6E-4D4B-920C-FB6D26847055} = {78424708-1F6E-4D4B-920C-FB6D26847055}
		{6DA9B521-65B7-41E2-8F8A-F0451CC18ED8} = {6DA9B521-65B7-41E2-8F8A-F0451CC18ED8}
		{A2E01C3E-D647-45D1-9788-043DEBC1A908} = {A2E01C3E-D647-45D1-9788-043DEBC1A908}
		{A6103FD3-0709-4FC7-B066-1A6E056D6306} = {A6103FD3-0709-4FC7-B066-1A6E056D6306}
	EndProjectSection
EndProject
Project("{8BC9CEB8-8B4A-11D0-8D11-00A0C91BC942}") = "ZAPDUtils", "..\ZAPDTR\ZAPDUtils\ZAPDUtils.vcxproj", "{A2E01C3E-D647-45D1-9788-043DEBC1A908}"
EndProject
Project("{8BC9CEB8-8B4A-11D0-8D11-00A0C91BC942}") = "StormLib", "..\StormLib\StormLib_vs19.vcxproj", "{78424708-1F6E-4D4B-920C-FB6D26847055}"
EndProject
Global
	GlobalSection(SolutionConfigurationPlatforms) = preSolution
		Debug|x64 = Debug|x64
		Debug|x86 = Debug|x86
		Release|x64 = Release|x64
		Release|x86 = Release|x86
	EndGlobalSection
	GlobalSection(ProjectConfigurationPlatforms) = postSolution
		{A6103FD3-0709-4FC7-B066-1A6E056D6306}.Debug|x64.ActiveCfg = Debug|x64
		{A6103FD3-0709-4FC7-B066-1A6E056D6306}.Debug|x64.Build.0 = Debug|x64
		{A6103FD3-0709-4FC7-B066-1A6E056D6306}.Debug|x86.ActiveCfg = Debug|Win32
		{A6103FD3-0709-4FC7-B066-1A6E056D6306}.Debug|x86.Build.0 = Debug|Win32
		{A6103FD3-0709-4FC7-B066-1A6E056D6306}.Release|x64.ActiveCfg = Release|x64
		{A6103FD3-0709-4FC7-B066-1A6E056D6306}.Release|x64.Build.0 = Release|x64
		{A6103FD3-0709-4FC7-B066-1A6E056D6306}.Release|x86.ActiveCfg = Release|Win32
		{A6103FD3-0709-4FC7-B066-1A6E056D6306}.Release|x86.Build.0 = Release|Win32
		{6DA9B521-65B7-41E2-8F8A-F0451CC18ED8}.Debug|x64.ActiveCfg = Debug|x64
		{6DA9B521-65B7-41E2-8F8A-F0451CC18ED8}.Debug|x64.Build.0 = Debug|x64
		{6DA9B521-65B7-41E2-8F8A-F0451CC18ED8}.Debug|x86.ActiveCfg = Debug|Win32
		{6DA9B521-65B7-41E2-8F8A-F0451CC18ED8}.Debug|x86.Build.0 = Debug|Win32
		{6DA9B521-65B7-41E2-8F8A-F0451CC18ED8}.Release|x64.ActiveCfg = Release|x64
		{6DA9B521-65B7-41E2-8F8A-F0451CC18ED8}.Release|x64.Build.0 = Release|x64
		{6DA9B521-65B7-41E2-8F8A-F0451CC18ED8}.Release|x86.ActiveCfg = Release|Win32
		{6DA9B521-65B7-41E2-8F8A-F0451CC18ED8}.Release|x86.Build.0 = Release|Win32
		{B53F9E5B-0A58-4BAE-9AFE-856C8CBB8D36}.Debug|x64.ActiveCfg = Debug|x64
		{B53F9E5B-0A58-4BAE-9AFE-856C8CBB8D36}.Debug|x64.Build.0 = Debug|x64
		{B53F9E5B-0A58-4BAE-9AFE-856C8CBB8D36}.Debug|x86.ActiveCfg = Debug|Win32
		{B53F9E5B-0A58-4BAE-9AFE-856C8CBB8D36}.Debug|x86.Build.0 = Debug|Win32
		{B53F9E5B-0A58-4BAE-9AFE-856C8CBB8D36}.Release|x64.ActiveCfg = Release|x64
		{B53F9E5B-0A58-4BAE-9AFE-856C8CBB8D36}.Release|x64.Build.0 = Release|x64
		{B53F9E5B-0A58-4BAE-9AFE-856C8CBB8D36}.Release|x86.ActiveCfg = Release|Win32
		{B53F9E5B-0A58-4BAE-9AFE-856C8CBB8D36}.Release|x86.Build.0 = Release|Win32
		{A2E01C3E-D647-45D1-9788-043DEBC1A908}.Debug|x64.ActiveCfg = Debug|x64
		{A2E01C3E-D647-45D1-9788-043DEBC1A908}.Debug|x64.Build.0 = Debug|x64
		{A2E01C3E-D647-45D1-9788-043DEBC1A908}.Debug|x86.ActiveCfg = Debug|Win32
		{A2E01C3E-D647-45D1-9788-043DEBC1A908}.Debug|x86.Build.0 = Debug|Win32
		{A2E01C3E-D647-45D1-9788-043DEBC1A908}.Release|x64.ActiveCfg = Release|x64
		{A2E01C3E-D647-45D1-9788-043DEBC1A908}.Release|x64.Build.0 = Release|x64
		{A2E01C3E-D647-45D1-9788-043DEBC1A908}.Release|x86.ActiveCfg = Release|Win32
		{A2E01C3E-D647-45D1-9788-043DEBC1A908}.Release|x86.Build.0 = Release|Win32
		{78424708-1F6E-4D4B-920C-FB6D26847055}.Debug|x64.ActiveCfg = DebugUS|x64
		{78424708-1F6E-4D4B-920C-FB6D26847055}.Debug|x64.Build.0 = DebugUS|x64
		{78424708-1F6E-4D4B-920C-FB6D26847055}.Debug|x86.ActiveCfg = DebugAD|Win32
		{78424708-1F6E-4D4B-920C-FB6D26847055}.Debug|x86.Build.0 = DebugAD|Win32
		{78424708-1F6E-4D4B-920C-FB6D26847055}.Release|x64.ActiveCfg = ReleaseUS|x64
		{78424708-1F6E-4D4B-920C-FB6D26847055}.Release|x64.Build.0 = ReleaseUS|x64
		{78424708-1F6E-4D4B-920C-FB6D26847055}.Release|x86.ActiveCfg = ReleaseAS|Win32
		{78424708-1F6E-4D4B-920C-FB6D26847055}.Release|x86.Build.0 = ReleaseAS|Win32
	EndGlobalSection
	GlobalSection(SolutionProperties) = preSolution
		HideSolutionNode = FALSE
	EndGlobalSection
	GlobalSection(ExtensibilityGlobals) = postSolution
		SolutionGuid = {DCE19FF1-37C0-49CD-915A-DD695E15F00B}
	EndGlobalSection
EndGlobal
