<?xml version="1.0" encoding="utf-8"?>
<Project ToolsVersion="4.0" xmlns="http://schemas.microsoft.com/developer/msbuild/2003">
  <ItemGroup>
    <Filter Include="Source Files">
      <UniqueIdentifier>{4FC737F1-C7A5-4376-A066-2A32D752A2FF}</UniqueIdentifier>
      <Extensions>cpp;c;cc;cxx;c++;cppm;ixx;def;odl;idl;hpj;bat;asm;asmx</Extensions>
    </Filter>
    <Filter Include="Header Files">
      <UniqueIdentifier>{93995380-89BD-4b04-88EB-625FBE52EBFB}</UniqueIdentifier>
      <Extensions>h;hh;hpp;hxx;h++;hm;inl;inc;ipp;xsd</Extensions>
    </Filter>
    <Filter Include="Resource Files">
      <UniqueIdentifier>{67DA6AB6-F800-4c08-8B7A-83BB121AAD01}</UniqueIdentifier>
      <Extensions>rc;ico;cur;bmp;dlg;rc2;rct;bin;rgs;gif;jpg;jpeg;jpe;resx;tiff;tif;png;wav;mfcribbon-ms</Extensions>
    </Filter>
  </ItemGroup>
  <ItemGroup>
    <ClInclude Include="CollisionExporter.h">
      <Filter>Header Files</Filter>
    </ClInclude>
    <ClInclude Include="RoomExporter.h">
      <Filter>Header Files</Filter>
    </ClInclude>
    <ClInclude Include="TextureExporter.h">
      <Filter>Header Files</Filter>
    </ClInclude>
    <ClInclude Include="DisplayListExporter.h">
      <Filter>Header Files</Filter>
    </ClInclude>
    <ClInclude Include="Main.h">
      <Filter>Header Files</Filter>
    </ClInclude>
    <ClInclude Include="PlayerAnimationExporter.h">
      <Filter>Header Files</Filter>
    </ClInclude>
    <ClInclude Include="BackgroundExporter.h">
      <Filter>Header Files</Filter>
    </ClInclude>
    <ClInclude Include="VtxExporter.h">
      <Filter>Header Files</Filter>
    </ClInclude>
    <ClInclude Include="ArrayExporter.h">
      <Filter>Header Files</Filter>
    </ClInclude>
    <ClInclude Include="Exporter.h">
      <Filter>Header Files</Filter>
    </ClInclude>
    <ClInclude Include="AnimationExporter.h">
      <Filter>Header Files</Filter>
    </ClInclude>
    <ClInclude Include="CutsceneExporter.h">
      <Filter>Header Files</Filter>
    </ClInclude>
    <ClInclude Include="z64cutscene.h">
      <Filter>Header Files</Filter>
    </ClInclude>
    <ClInclude Include="z64cutscene_commands.h">
      <Filter>Header Files</Filter>
    </ClInclude>
    <ClInclude Include="command_macros_base.h">
      <Filter>Header Files</Filter>
    </ClInclude>
    <ClInclude Include="PathExporter.h">
      <Filter>Header Files</Filter>
    </ClInclude>
    <ClInclude Include="SkeletonExporter.h">
      <Filter>Header Files</Filter>
    </ClInclude>
    <ClInclude Include="SkeletonLimbExporter.h">
      <Filter>Header Files</Filter>
    </ClInclude>
    <ClInclude Include="TextExporter.h">
      <Filter>Header Files</Filter>
    </ClInclude>
    <ClInclude Include="BlobExporter.h">
      <Filter>Header Files</Filter>
    </ClInclude>
    <ClInclude Include="MtxExporter.h">
      <Filter>Header Files</Filter>
    </ClInclude>
    <ClInclude Include="VersionInfo.h">
      <Filter>Header Files</Filter>
    </ClInclude>
    <ClInclude Include="AudioExporter.h">
      <Filter>Header Files</Filter>
    </ClInclude>
  </ItemGroup>
  <ItemGroup>
    <ClCompile Include="CollisionExporter.cpp">
      <Filter>Source Files</Filter>
    </ClCompile>
    <ClCompile Include="Main.cpp">
      <Filter>Source Files</Filter>
    </ClCompile>
    <ClCompile Include="RoomExporter.cpp">
      <Filter>Source Files</Filter>
    </ClCompile>
    <ClCompile Include="TextureExporter.cpp">
      <Filter>Source Files</Filter>
    </ClCompile>
    <ClCompile Include="DisplayListExporter.cpp">
      <Filter>Source Files</Filter>
    </ClCompile>
    <ClCompile Include="PlayerAnimationExporter.cpp">
      <Filter>Source Files</Filter>
    </ClCompile>
    <ClCompile Include="SkeletonExporter.cpp">
      <Filter>Source Files</Filter>
    </ClCompile>
    <ClCompile Include="SkeletonLimbExporter.cpp">
      <Filter>Source Files</Filter>
    </ClCompile>
    <ClCompile Include="BackgroundExporter.cpp">
      <Filter>Source Files</Filter>
    </ClCompile>
    <ClCompile Include="VtxExporter.cpp">
      <Filter>Source Files</Filter>
    </ClCompile>
    <ClCompile Include="ArrayExporter.cpp">
      <Filter>Source Files</Filter>
    </ClCompile>
    <ClCompile Include="Exporter.cpp">
      <Filter>Source Files</Filter>
    </ClCompile>
    <ClCompile Include="AnimationExporter.cpp">
      <Filter>Source Files</Filter>
    </ClCompile>
    <ClCompile Include="CutsceneExporter.cpp">
      <Filter>Source Files</Filter>
    </ClCompile>
    <ClCompile Include="PathExporter.cpp">
      <Filter>Source Files</Filter>
    </ClCompile>
    <ClCompile Include="TextExporter.cpp">
      <Filter>Source Files</Filter>
    </ClCompile>
    <ClCompile Include="BlobExporter.cpp">
      <Filter>Source Files</Filter>
    </ClCompile>
    <ClCompile Include="MtxExporter.cpp">
      <Filter>Source Files</Filter>
    </ClCompile>
    <ClCompile Include="VersionInfo.cpp">
      <Filter>Source Files</Filter>
    </ClCompile>
    <ClCompile Include="AudioExporter.cpp">
      <Filter>Source Files</Filter>
    </ClCompile>
  </ItemGroup>
</Project>