<?xml version="1.0" encoding="utf-8"?>
<Project ToolsVersion="4.0" xmlns="http://schemas.microsoft.com/developer/msbuild/2003">
  <ItemGroup>
    <Filter Include="Doc Files">
      <UniqueIdentifier>{1dbbb48c-9db9-4fdb-a903-223ed233cc21}</UniqueIdentifier>
    </Filter>
    <Filter Include="Header Files">
      <UniqueIdentifier>{ab878eef-1074-4594-bac5-272c05774bd8}</UniqueIdentifier>
    </Filter>
    <Filter Include="Source Files">
      <UniqueIdentifier>{640f063a-5028-4ba1-9007-96d98a634561}</UniqueIdentifier>
    </Filter>
    <Filter Include="Source Files\adpcm">
      <UniqueIdentifier>{6e8cfdab-fca3-4737-8905-6154bc657e15}</UniqueIdentifier>
    </Filter>
    <Filter Include="Source Files\bzip2">
      <UniqueIdentifier>{a810fdb6-0d21-4279-8e39-b2de644170c0}</UniqueIdentifier>
    </Filter>
    <Filter Include="Source Files\huffman">
      <UniqueIdentifier>{7861b4fb-1471-4573-92ea-08c06dc14b93}</UniqueIdentifier>
    </Filter>
    <Filter Include="Source Files\libtomcrypt">
      <UniqueIdentifier>{8ba6c5c7-3ad0-44e6-8829-5020fce13d49}</UniqueIdentifier>
    </Filter>
    <Filter Include="Source Files\libtomcrypt\hashes">
      <UniqueIdentifier>{92cb0c1d-86f0-4735-9e4e-b07df664c359}</UniqueIdentifier>
    </Filter>
    <Filter Include="Source Files\libtomcrypt\math">
      <UniqueIdentifier>{f7fb3d55-94af-4a6e-be7b-76cb909e7325}</UniqueIdentifier>
    </Filter>
    <Filter Include="Source Files\libtomcrypt\misc">
      <UniqueIdentifier>{337159fe-94a7-45a8-a91b-fa8b9d06b2ae}</UniqueIdentifier>
    </Filter>
    <Filter Include="Source Files\libtomcrypt\pk">
      <UniqueIdentifier>{359bb3d3-71d5-47e7-967a-1fada7882e4d}</UniqueIdentifier>
    </Filter>
    <Filter Include="Source Files\libtomcrypt\pk\asn1">
      <UniqueIdentifier>{775dbb7e-ef06-4660-9d84-50ff2557ef54}</UniqueIdentifier>
    </Filter>
    <Filter Include="Source Files\libtomcrypt\pk\ecc">
      <UniqueIdentifier>{2e5d39cc-482c-4775-8830-79f8314e72e4}</UniqueIdentifier>
    </Filter>
    <Filter Include="Source Files\libtomcrypt\pk\pkcs1">
      <UniqueIdentifier>{1e0ef267-228e-4c59-8d88-e3b33aeaff49}</UniqueIdentifier>
    </Filter>
    <Filter Include="Source Files\libtomcrypt\pk\rsa">
      <UniqueIdentifier>{98330deb-0b92-4f02-8016-8a33dc5f5d29}</UniqueIdentifier>
    </Filter>
    <Filter Include="Source Files\libtommath">
      <UniqueIdentifier>{fa78c716-784a-43a0-a548-db413431973b}</UniqueIdentifier>
    </Filter>
    <Filter Include="Source Files\lzma">
      <UniqueIdentifier>{5308566b-d3fd-4561-a7fb-982a63662793}</UniqueIdentifier>
    </Filter>
    <Filter Include="Source Files\pklib">
      <UniqueIdentifier>{d5371a5f-1630-4e79-9e7e-1ef654a2ddec}</UniqueIdentifier>
    </Filter>
    <Filter Include="Source Files\sparse">
      <UniqueIdentifier>{c2971fba-aff1-42ab-9f4f-71707edabf77}</UniqueIdentifier>
    </Filter>
    <Filter Include="Source Files\zlib">
      <UniqueIdentifier>{4f4fe3d6-6f2b-4c83-9cf9-f1d108ecd854}</UniqueIdentifier>
    </Filter>
    <Filter Include="Source Files\jenkins">
      <UniqueIdentifier>{5aaea51e-4b7c-4a35-b35c-96c2fc7750f1}</UniqueIdentifier>
    </Filter>
  </ItemGroup>
  <ItemGroup>
    <Text Include="doc\History.txt">
      <Filter>Doc Files</Filter>
    </Text>
    <Text Include="doc\The MoPaQ File Format 0.9.txt">
      <Filter>Doc Files</Filter>
    </Text>
    <Text Include="doc\The MoPaQ File Format 1.0.txt">
      <Filter>Doc Files</Filter>
    </Text>
  </ItemGroup>
  <ItemGroup>
    <ClInclude Include="src\FileStream.h">
      <Filter>Header Files</Filter>
    </ClInclude>
    <ClInclude Include="src\StormCommon.h">
      <Filter>Header Files</Filter>
    </ClInclude>
    <ClInclude Include="src\StormLib.h">
      <Filter>Header Files</Filter>
    </ClInclude>
    <ClInclude Include="src\StormPort.h">
      <Filter>Header Files</Filter>
    </ClInclude>
    <ClInclude Include="src\adpcm\adpcm.h">
      <Filter>Source Files\adpcm</Filter>
    </ClInclude>
    <ClInclude Include="src\huffman\huff.h">
      <Filter>Source Files\huffman</Filter>
    </ClInclude>
    <ClInclude Include="src\pklib\pklib.h">
      <Filter>Source Files\pklib</Filter>
    </ClInclude>
    <ClInclude Include="src\sparse\sparse.h">
      <Filter>Source Files\sparse</Filter>
    </ClInclude>
    <ClInclude Include="src\jenkins\lookup.h">
      <Filter>Source Files\jenkins</Filter>
    </ClInclude>
  </ItemGroup>
  <ItemGroup>
    <ClCompile Include="src\FileStream.cpp">
      <Filter>Source Files</Filter>
    </ClCompile>
    <ClCompile Include="src\SBaseCommon.cpp">
      <Filter>Source Files</Filter>
    </ClCompile>
    <ClCompile Include="src\SBaseDumpData.cpp">
      <Filter>Source Files</Filter>
    </ClCompile>
    <ClCompile Include="src\SBaseFileTable.cpp">
      <Filter>Source Files</Filter>
    </ClCompile>
    <ClCompile Include="src\SBaseSubTypes.cpp">
      <Filter>Source Files</Filter>
    </ClCompile>
    <ClCompile Include="src\SCompression.cpp">
      <Filter>Source Files</Filter>
    </ClCompile>
    <ClCompile Include="src\SFileAddFile.cpp">
      <Filter>Source Files</Filter>
    </ClCompile>
    <ClCompile Include="src\SFileAttributes.cpp">
      <Filter>Source Files</Filter>
    </ClCompile>
    <ClCompile Include="src\SFileCompactArchive.cpp">
      <Filter>Source Files</Filter>
    </ClCompile>
    <ClCompile Include="src\SFileCreateArchive.cpp">
      <Filter>Source Files</Filter>
    </ClCompile>
    <ClCompile Include="src\SFileExtractFile.cpp">
      <Filter>Source Files</Filter>
    </ClCompile>
    <ClCompile Include="src\SFileFindFile.cpp">
      <Filter>Source Files</Filter>
    </ClCompile>
    <ClCompile Include="src\SFileGetFileInfo.cpp">
      <Filter>Source Files</Filter>
    </ClCompile>
    <ClCompile Include="src\SFileListFile.cpp">
      <Filter>Source Files</Filter>
    </ClCompile>
    <ClCompile Include="src\SFileOpenArchive.cpp">
      <Filter>Source Files</Filter>
    </ClCompile>
    <ClCompile Include="src\SFileOpenFileEx.cpp">
      <Filter>Source Files</Filter>
    </ClCompile>
    <ClCompile Include="src\SFilePatchArchives.cpp">
      <Filter>Source Files</Filter>
    </ClCompile>
    <ClCompile Include="src\SFileReadFile.cpp">
      <Filter>Source Files</Filter>
    </ClCompile>
    <ClCompile Include="src\SFileVerify.cpp">
      <Filter>Source Files</Filter>
    </ClCompile>
    <ClCompile Include="test\StormTest.cpp">
      <Filter>Source Files</Filter>
    </ClCompile>
    <ClCompile Include="src\adpcm\adpcm.cpp">
      <Filter>Source Files\adpcm</Filter>
    </ClCompile>
    <ClCompile Include="src\bzip2\blocksort.c">
      <Filter>Source Files\bzip2</Filter>
    </ClCompile>
    <ClCompile Include="src\bzip2\bzlib.c">
      <Filter>Source Files\bzip2</Filter>
    </ClCompile>
    <ClCompile Include="src\bzip2\compress.c">
      <Filter>Source Files\bzip2</Filter>
    </ClCompile>
    <ClCompile Include="src\bzip2\crctable.c">
      <Filter>Source Files\bzip2</Filter>
    </ClCompile>
    <ClCompile Include="src\bzip2\decompress.c">
      <Filter>Source Files\bzip2</Filter>
    </ClCompile>
    <ClCompile Include="src\bzip2\huffman.c">
      <Filter>Source Files\bzip2</Filter>
    </ClCompile>
    <ClCompile Include="src\bzip2\randtable.c">
      <Filter>Source Files\bzip2</Filter>
    </ClCompile>
    <ClCompile Include="src\huffman\huff.cpp">
      <Filter>Source Files\huffman</Filter>
    </ClCompile>
    <ClCompile Include="src\libtomcrypt\src\hashes\hash_memory.c">
      <Filter>Source Files\libtomcrypt\hashes</Filter>
    </ClCompile>
    <ClCompile Include="src\libtomcrypt\src\hashes\md5.c">
      <Filter>Source Files\libtomcrypt\hashes</Filter>
    </ClCompile>
    <ClCompile Include="src\libtomcrypt\src\hashes\sha1.c">
      <Filter>Source Files\libtomcrypt\hashes</Filter>
    </ClCompile>
    <ClCompile Include="src\libtomcrypt\src\math\ltm_desc.c">
      <Filter>Source Files\libtomcrypt\math</Filter>
    </ClCompile>
    <ClCompile Include="src\libtomcrypt\src\math\multi.c">
      <Filter>Source Files\libtomcrypt\math</Filter>
    </ClCompile>
    <ClCompile Include="src\libtomcrypt\src\math\rand_prime.c">
      <Filter>Source Files\libtomcrypt\math</Filter>
    </ClCompile>
    <ClCompile Include="src\libtomcrypt\src\misc\base64_decode.c">
      <Filter>Source Files\libtomcrypt\misc</Filter>
    </ClCompile>
    <ClCompile Include="src\libtomcrypt\src\misc\crypt_argchk.c">
      <Filter>Source Files\libtomcrypt\misc</Filter>
    </ClCompile>
    <ClCompile Include="src\libtomcrypt\src\misc\crypt_find_hash.c">
      <Filter>Source Files\libtomcrypt\misc</Filter>
    </ClCompile>
    <ClCompile Include="src\libtomcrypt\src\misc\crypt_find_prng.c">
      <Filter>Source Files\libtomcrypt\misc</Filter>
    </ClCompile>
    <ClCompile Include="src\libtomcrypt\src\misc\crypt_hash_descriptor.c">
      <Filter>Source Files\libtomcrypt\misc</Filter>
    </ClCompile>
    <ClCompile Include="src\libtomcrypt\src\misc\crypt_hash_is_valid.c">
      <Filter>Source Files\libtomcrypt\misc</Filter>
    </ClCompile>
    <ClCompile Include="src\libtomcrypt\src\misc\crypt_libc.c">
      <Filter>Source Files\libtomcrypt\misc</Filter>
    </ClCompile>
    <ClCompile Include="src\libtomcrypt\src\misc\crypt_ltc_mp_descriptor.c">
      <Filter>Source Files\libtomcrypt\misc</Filter>
    </ClCompile>
    <ClCompile Include="src\libtomcrypt\src\misc\crypt_prng_descriptor.c">
      <Filter>Source Files\libtomcrypt\misc</Filter>
    </ClCompile>
    <ClCompile Include="src\libtomcrypt\src\misc\crypt_prng_is_valid.c">
      <Filter>Source Files\libtomcrypt\misc</Filter>
    </ClCompile>
    <ClCompile Include="src\libtomcrypt\src\misc\crypt_register_hash.c">
      <Filter>Source Files\libtomcrypt\misc</Filter>
    </ClCompile>
    <ClCompile Include="src\libtomcrypt\src\misc\crypt_register_prng.c">
      <Filter>Source Files\libtomcrypt\misc</Filter>
    </ClCompile>
    <ClCompile Include="src\libtomcrypt\src\misc\zeromem.c">
      <Filter>Source Files\libtomcrypt\misc</Filter>
    </ClCompile>
    <ClCompile Include="src\libtomcrypt\src\pk\asn1\der_decode_bit_string.c">
      <Filter>Source Files\libtomcrypt\pk\asn1</Filter>
    </ClCompile>
    <ClCompile Include="src\libtomcrypt\src\pk\asn1\der_decode_boolean.c">
      <Filter>Source Files\libtomcrypt\pk\asn1</Filter>
    </ClCompile>
    <ClCompile Include="src\libtomcrypt\src\pk\asn1\der_decode_choice.c">
      <Filter>Source Files\libtomcrypt\pk\asn1</Filter>
    </ClCompile>
    <ClCompile Include="src\libtomcrypt\src\pk\asn1\der_decode_ia5_string.c">
      <Filter>Source Files\libtomcrypt\pk\asn1</Filter>
    </ClCompile>
    <ClCompile Include="src\libtomcrypt\src\pk\asn1\der_decode_integer.c">
      <Filter>Source Files\libtomcrypt\pk\asn1</Filter>
    </ClCompile>
    <ClCompile Include="src\libtomcrypt\src\pk\asn1\der_decode_object_identifier.c">
      <Filter>Source Files\libtomcrypt\pk\asn1</Filter>
    </ClCompile>
    <ClCompile Include="src\libtomcrypt\src\pk\asn1\der_decode_octet_string.c">
      <Filter>Source Files\libtomcrypt\pk\asn1</Filter>
    </ClCompile>
    <ClCompile Include="src\libtomcrypt\src\pk\asn1\der_decode_printable_string.c">
      <Filter>Source Files\libtomcrypt\pk\asn1</Filter>
    </ClCompile>
    <ClCompile Include="src\libtomcrypt\src\pk\asn1\der_decode_sequence_ex.c">
      <Filter>Source Files\libtomcrypt\pk\asn1</Filter>
    </ClCompile>
    <ClCompile Include="src\libtomcrypt\src\pk\asn1\der_decode_sequence_flexi.c">
      <Filter>Source Files\libtomcrypt\pk\asn1</Filter>
    </ClCompile>
    <ClCompile Include="src\libtomcrypt\src\pk\asn1\der_decode_sequence_multi.c">
      <Filter>Source Files\libtomcrypt\pk\asn1</Filter>
    </ClCompile>
    <ClCompile Include="src\libtomcrypt\src\pk\asn1\der_decode_short_integer.c">
      <Filter>Source Files\libtomcrypt\pk\asn1</Filter>
    </ClCompile>
    <ClCompile Include="src\libtomcrypt\src\pk\asn1\der_decode_utctime.c">
      <Filter>Source Files\libtomcrypt\pk\asn1</Filter>
    </ClCompile>
    <ClCompile Include="src\libtomcrypt\src\pk\asn1\der_decode_utf8_string.c">
      <Filter>Source Files\libtomcrypt\pk\asn1</Filter>
    </ClCompile>
    <ClCompile Include="src\libtomcrypt\src\pk\asn1\der_encode_bit_string.c">
      <Filter>Source Files\libtomcrypt\pk\asn1</Filter>
    </ClCompile>
    <ClCompile Include="src\libtomcrypt\src\pk\asn1\der_encode_boolean.c">
      <Filter>Source Files\libtomcrypt\pk\asn1</Filter>
    </ClCompile>
    <ClCompile Include="src\libtomcrypt\src\pk\asn1\der_encode_ia5_string.c">
      <Filter>Source Files\libtomcrypt\pk\asn1</Filter>
    </ClCompile>
    <ClCompile Include="src\libtomcrypt\src\pk\asn1\der_encode_integer.c">
      <Filter>Source Files\libtomcrypt\pk\asn1</Filter>
    </ClCompile>
    <ClCompile Include="src\libtomcrypt\src\pk\asn1\der_encode_object_identifier.c">
      <Filter>Source Files\libtomcrypt\pk\asn1</Filter>
    </ClCompile>
    <ClCompile Include="src\libtomcrypt\src\pk\asn1\der_encode_octet_string.c">
      <Filter>Source Files\libtomcrypt\pk\asn1</Filter>
    </ClCompile>
    <ClCompile Include="src\libtomcrypt\src\pk\asn1\der_encode_printable_string.c">
      <Filter>Source Files\libtomcrypt\pk\asn1</Filter>
    </ClCompile>
    <ClCompile Include="src\libtomcrypt\src\pk\asn1\der_encode_sequence_ex.c">
      <Filter>Source Files\libtomcrypt\pk\asn1</Filter>
    </ClCompile>
    <ClCompile Include="src\libtomcrypt\src\pk\asn1\der_encode_sequence_multi.c">
      <Filter>Source Files\libtomcrypt\pk\asn1</Filter>
    </ClCompile>
    <ClCompile Include="src\libtomcrypt\src\pk\asn1\der_encode_set.c">
      <Filter>Source Files\libtomcrypt\pk\asn1</Filter>
    </ClCompile>
    <ClCompile Include="src\libtomcrypt\src\pk\asn1\der_encode_setof.c">
      <Filter>Source Files\libtomcrypt\pk\asn1</Filter>
    </ClCompile>
    <ClCompile Include="src\libtomcrypt\src\pk\asn1\der_encode_short_integer.c">
      <Filter>Source Files\libtomcrypt\pk\asn1</Filter>
    </ClCompile>
    <ClCompile Include="src\libtomcrypt\src\pk\asn1\der_encode_utctime.c">
      <Filter>Source Files\libtomcrypt\pk\asn1</Filter>
    </ClCompile>
    <ClCompile Include="src\libtomcrypt\src\pk\asn1\der_encode_utf8_string.c">
      <Filter>Source Files\libtomcrypt\pk\asn1</Filter>
    </ClCompile>
    <ClCompile Include="src\libtomcrypt\src\pk\asn1\der_length_bit_string.c">
      <Filter>Source Files\libtomcrypt\pk\asn1</Filter>
    </ClCompile>
    <ClCompile Include="src\libtomcrypt\src\pk\asn1\der_length_boolean.c">
      <Filter>Source Files\libtomcrypt\pk\asn1</Filter>
    </ClCompile>
    <ClCompile Include="src\libtomcrypt\src\pk\asn1\der_length_ia5_string.c">
      <Filter>Source Files\libtomcrypt\pk\asn1</Filter>
    </ClCompile>
    <ClCompile Include="src\libtomcrypt\src\pk\asn1\der_length_integer.c">
      <Filter>Source Files\libtomcrypt\pk\asn1</Filter>
    </ClCompile>
    <ClCompile Include="src\libtomcrypt\src\pk\asn1\der_length_object_identifier.c">
      <Filter>Source Files\libtomcrypt\pk\asn1</Filter>
    </ClCompile>
    <ClCompile Include="src\libtomcrypt\src\pk\asn1\der_length_octet_string.c">
      <Filter>Source Files\libtomcrypt\pk\asn1</Filter>
    </ClCompile>
    <ClCompile Include="src\libtomcrypt\src\pk\asn1\der_length_printable_string.c">
      <Filter>Source Files\libtomcrypt\pk\asn1</Filter>
    </ClCompile>
    <ClCompile Include="src\libtomcrypt\src\pk\asn1\der_length_sequence.c">
      <Filter>Source Files\libtomcrypt\pk\asn1</Filter>
    </ClCompile>
    <ClCompile Include="src\libtomcrypt\src\pk\asn1\der_length_short_integer.c">
      <Filter>Source Files\libtomcrypt\pk\asn1</Filter>
    </ClCompile>
    <ClCompile Include="src\libtomcrypt\src\pk\asn1\der_length_utctime.c">
      <Filter>Source Files\libtomcrypt\pk\asn1</Filter>
    </ClCompile>
    <ClCompile Include="src\libtomcrypt\src\pk\asn1\der_length_utf8_string.c">
      <Filter>Source Files\libtomcrypt\pk\asn1</Filter>
    </ClCompile>
    <ClCompile Include="src\libtomcrypt\src\pk\asn1\der_sequence_free.c">
      <Filter>Source Files\libtomcrypt\pk\asn1</Filter>
    </ClCompile>
    <ClCompile Include="src\libtomcrypt\src\pk\ecc\ltc_ecc_map.c">
      <Filter>Source Files\libtomcrypt\pk\ecc</Filter>
    </ClCompile>
    <ClCompile Include="src\libtomcrypt\src\pk\ecc\ltc_ecc_mul2add.c">
      <Filter>Source Files\libtomcrypt\pk\ecc</Filter>
    </ClCompile>
    <ClCompile Include="src\libtomcrypt\src\pk\ecc\ltc_ecc_mulmod.c">
      <Filter>Source Files\libtomcrypt\pk\ecc</Filter>
    </ClCompile>
    <ClCompile Include="src\libtomcrypt\src\pk\ecc\ltc_ecc_points.c">
      <Filter>Source Files\libtomcrypt\pk\ecc</Filter>
    </ClCompile>
    <ClCompile Include="src\libtomcrypt\src\pk\ecc\ltc_ecc_projective_add_point.c">
      <Filter>Source Files\libtomcrypt\pk\ecc</Filter>
    </ClCompile>
    <ClCompile Include="src\libtomcrypt\src\pk\ecc\ltc_ecc_projective_dbl_point.c">
      <Filter>Source Files\libtomcrypt\pk\ecc</Filter>
    </ClCompile>
    <ClCompile Include="src\libtomcrypt\src\pk\pkcs1\pkcs_1_mgf1.c">
      <Filter>Source Files\libtomcrypt\pk\pkcs1</Filter>
    </ClCompile>
    <ClCompile Include="src\libtomcrypt\src\pk\pkcs1\pkcs_1_oaep_decode.c">
      <Filter>Source Files\libtomcrypt\pk\pkcs1</Filter>
    </ClCompile>
    <ClCompile Include="src\libtomcrypt\src\pk\pkcs1\pkcs_1_pss_decode.c">
      <Filter>Source Files\libtomcrypt\pk\pkcs1</Filter>
    </ClCompile>
    <ClCompile Include="src\libtomcrypt\src\pk\pkcs1\pkcs_1_pss_encode.c">
      <Filter>Source Files\libtomcrypt\pk\pkcs1</Filter>
    </ClCompile>
    <ClCompile Include="src\libtomcrypt\src\pk\pkcs1\pkcs_1_v1_5_decode.c">
      <Filter>Source Files\libtomcrypt\pk\pkcs1</Filter>
    </ClCompile>
    <ClCompile Include="src\libtomcrypt\src\pk\pkcs1\pkcs_1_v1_5_encode.c">
      <Filter>Source Files\libtomcrypt\pk\pkcs1</Filter>
    </ClCompile>
    <ClCompile Include="src\libtomcrypt\src\pk\rsa\rsa_exptmod.c">
      <Filter>Source Files\libtomcrypt\pk\rsa</Filter>
    </ClCompile>
    <ClCompile Include="src\libtomcrypt\src\pk\rsa\rsa_free.c">
      <Filter>Source Files\libtomcrypt\pk\rsa</Filter>
    </ClCompile>
    <ClCompile Include="src\libtomcrypt\src\pk\rsa\rsa_import.c">
      <Filter>Source Files\libtomcrypt\pk\rsa</Filter>
    </ClCompile>
    <ClCompile Include="src\libtomcrypt\src\pk\rsa\rsa_make_key.c">
      <Filter>Source Files\libtomcrypt\pk\rsa</Filter>
    </ClCompile>
    <ClCompile Include="src\libtomcrypt\src\pk\rsa\rsa_sign_hash.c">
      <Filter>Source Files\libtomcrypt\pk\rsa</Filter>
    </ClCompile>
    <ClCompile Include="src\libtomcrypt\src\pk\rsa\rsa_verify_hash.c">
      <Filter>Source Files\libtomcrypt\pk\rsa</Filter>
    </ClCompile>
    <ClCompile Include="src\libtomcrypt\src\pk\rsa\rsa_verify_simple.c">
      <Filter>Source Files\libtomcrypt\pk\rsa</Filter>
    </ClCompile>
    <ClCompile Include="src\libtommath\bn_fast_mp_invmod.c">
      <Filter>Source Files\libtommath</Filter>
    </ClCompile>
    <ClCompile Include="src\libtommath\bn_fast_mp_montgomery_reduce.c">
      <Filter>Source Files\libtommath</Filter>
    </ClCompile>
    <ClCompile Include="src\libtommath\bn_fast_s_mp_mul_digs.c">
      <Filter>Source Files\libtommath</Filter>
    </ClCompile>
    <ClCompile Include="src\libtommath\bn_fast_s_mp_mul_high_digs.c">
      <Filter>Source Files\libtommath</Filter>
    </ClCompile>
    <ClCompile Include="src\libtommath\bn_fast_s_mp_sqr.c">
      <Filter>Source Files\libtommath</Filter>
    </ClCompile>
    <ClCompile Include="src\libtommath\bn_mp_2expt.c">
      <Filter>Source Files\libtommath</Filter>
    </ClCompile>
    <ClCompile Include="src\libtommath\bn_mp_abs.c">
      <Filter>Source Files\libtommath</Filter>
    </ClCompile>
    <ClCompile Include="src\libtommath\bn_mp_add.c">
      <Filter>Source Files\libtommath</Filter>
    </ClCompile>
    <ClCompile Include="src\libtommath\bn_mp_add_d.c">
      <Filter>Source Files\libtommath</Filter>
    </ClCompile>
    <ClCompile Include="src\libtommath\bn_mp_addmod.c">
      <Filter>Source Files\libtommath</Filter>
    </ClCompile>
    <ClCompile Include="src\libtommath\bn_mp_and.c">
      <Filter>Source Files\libtommath</Filter>
    </ClCompile>
    <ClCompile Include="src\libtommath\bn_mp_clamp.c">
      <Filter>Source Files\libtommath</Filter>
    </ClCompile>
    <ClCompile Include="src\libtommath\bn_mp_clear.c">
      <Filter>Source Files\libtommath</Filter>
    </ClCompile>
    <ClCompile Include="src\libtommath\bn_mp_clear_multi.c">
      <Filter>Source Files\libtommath</Filter>
    </ClCompile>
    <ClCompile Include="src\libtommath\bn_mp_cmp.c">
      <Filter>Source Files\libtommath</Filter>
    </ClCompile>
    <ClCompile Include="src\libtommath\bn_mp_cmp_d.c">
      <Filter>Source Files\libtommath</Filter>
    </ClCompile>
    <ClCompile Include="src\libtommath\bn_mp_cmp_mag.c">
      <Filter>Source Files\libtommath</Filter>
    </ClCompile>
    <ClCompile Include="src\libtommath\bn_mp_cnt_lsb.c">
      <Filter>Source Files\libtommath</Filter>
    </ClCompile>
    <ClCompile Include="src\libtommath\bn_mp_copy.c">
      <Filter>Source Files\libtommath</Filter>
    </ClCompile>
    <ClCompile Include="src\libtommath\bn_mp_count_bits.c">
      <Filter>Source Files\libtommath</Filter>
    </ClCompile>
    <ClCompile Include="src\libtommath\bn_mp_div.c">
      <Filter>Source Files\libtommath</Filter>
    </ClCompile>
    <ClCompile Include="src\libtommath\bn_mp_div_2.c">
      <Filter>Source Files\libtommath</Filter>
    </ClCompile>
    <ClCompile Include="src\libtommath\bn_mp_div_2d.c">
      <Filter>Source Files\libtommath</Filter>
    </ClCompile>
    <ClCompile Include="src\libtommath\bn_mp_div_3.c">
      <Filter>Source Files\libtommath</Filter>
    </ClCompile>
    <ClCompile Include="src\libtommath\bn_mp_div_d.c">
      <Filter>Source Files\libtommath</Filter>
    </ClCompile>
    <ClCompile Include="src\libtommath\bn_mp_dr_is_modulus.c">
      <Filter>Source Files\libtommath</Filter>
    </ClCompile>
    <ClCompile Include="src\libtommath\bn_mp_dr_reduce.c">
      <Filter>Source Files\libtommath</Filter>
    </ClCompile>
    <ClCompile Include="src\libtommath\bn_mp_dr_setup.c">
      <Filter>Source Files\libtommath</Filter>
    </ClCompile>
    <ClCompile Include="src\libtommath\bn_mp_exch.c">
      <Filter>Source Files\libtommath</Filter>
    </ClCompile>
    <ClCompile Include="src\libtommath\bn_mp_expt_d.c">
      <Filter>Source Files\libtommath</Filter>
    </ClCompile>
    <ClCompile Include="src\libtommath\bn_mp_exptmod.c">
      <Filter>Source Files\libtommath</Filter>
    </ClCompile>
    <ClCompile Include="src\libtommath\bn_mp_exptmod_fast.c">
      <Filter>Source Files\libtommath</Filter>
    </ClCompile>
    <ClCompile Include="src\libtommath\bn_mp_exteuclid.c">
      <Filter>Source Files\libtommath</Filter>
    </ClCompile>
    <ClCompile Include="src\libtommath\bn_mp_fread.c">
      <Filter>Source Files\libtommath</Filter>
    </ClCompile>
    <ClCompile Include="src\libtommath\bn_mp_fwrite.c">
      <Filter>Source Files\libtommath</Filter>
    </ClCompile>
    <ClCompile Include="src\libtommath\bn_mp_gcd.c">
      <Filter>Source Files\libtommath</Filter>
    </ClCompile>
    <ClCompile Include="src\libtommath\bn_mp_get_int.c">
      <Filter>Source Files\libtommath</Filter>
    </ClCompile>
    <ClCompile Include="src\libtommath\bn_mp_grow.c">
      <Filter>Source Files\libtommath</Filter>
    </ClCompile>
    <ClCompile Include="src\libtommath\bn_mp_init.c">
      <Filter>Source Files\libtommath</Filter>
    </ClCompile>
    <ClCompile Include="src\libtommath\bn_mp_init_copy.c">
      <Filter>Source Files\libtommath</Filter>
    </ClCompile>
    <ClCompile Include="src\libtommath\bn_mp_init_multi.c">
      <Filter>Source Files\libtommath</Filter>
    </ClCompile>
    <ClCompile Include="src\libtommath\bn_mp_init_set.c">
      <Filter>Source Files\libtommath</Filter>
    </ClCompile>
    <ClCompile Include="src\libtommath\bn_mp_init_set_int.c">
      <Filter>Source Files\libtommath</Filter>
    </ClCompile>
    <ClCompile Include="src\libtommath\bn_mp_init_size.c">
      <Filter>Source Files\libtommath</Filter>
    </ClCompile>
    <ClCompile Include="src\libtommath\bn_mp_invmod.c">
      <Filter>Source Files\libtommath</Filter>
    </ClCompile>
    <ClCompile Include="src\libtommath\bn_mp_invmod_slow.c">
      <Filter>Source Files\libtommath</Filter>
    </ClCompile>
    <ClCompile Include="src\libtommath\bn_mp_is_square.c">
      <Filter>Source Files\libtommath</Filter>
    </ClCompile>
    <ClCompile Include="src\libtommath\bn_mp_jacobi.c">
      <Filter>Source Files\libtommath</Filter>
    </ClCompile>
    <ClCompile Include="src\libtommath\bn_mp_karatsuba_mul.c">
      <Filter>Source Files\libtommath</Filter>
    </ClCompile>
    <ClCompile Include="src\libtommath\bn_mp_karatsuba_sqr.c">
      <Filter>Source Files\libtommath</Filter>
    </ClCompile>
    <ClCompile Include="src\libtommath\bn_mp_lcm.c">
      <Filter>Source Files\libtommath</Filter>
    </ClCompile>
    <ClCompile Include="src\libtommath\bn_mp_lshd.c">
      <Filter>Source Files\libtommath</Filter>
    </ClCompile>
    <ClCompile Include="src\libtommath\bn_mp_mod.c">
      <Filter>Source Files\libtommath</Filter>
    </ClCompile>
    <ClCompile Include="src\libtommath\bn_mp_mod_2d.c">
      <Filter>Source Files\libtommath</Filter>
    </ClCompile>
    <ClCompile Include="src\libtommath\bn_mp_mod_d.c">
      <Filter>Source Files\libtommath</Filter>
    </ClCompile>
    <ClCompile Include="src\libtommath\bn_mp_montgomery_calc_normalization.c">
      <Filter>Source Files\libtommath</Filter>
    </ClCompile>
    <ClCompile Include="src\libtommath\bn_mp_montgomery_reduce.c">
      <Filter>Source Files\libtommath</Filter>
    </ClCompile>
    <ClCompile Include="src\libtommath\bn_mp_montgomery_setup.c">
      <Filter>Source Files\libtommath</Filter>
    </ClCompile>
    <ClCompile Include="src\libtommath\bn_mp_mul.c">
      <Filter>Source Files\libtommath</Filter>
    </ClCompile>
    <ClCompile Include="src\libtommath\bn_mp_mul_2.c">
      <Filter>Source Files\libtommath</Filter>
    </ClCompile>
    <ClCompile Include="src\libtommath\bn_mp_mul_2d.c">
      <Filter>Source Files\libtommath</Filter>
    </ClCompile>
    <ClCompile Include="src\libtommath\bn_mp_mul_d.c">
      <Filter>Source Files\libtommath</Filter>
    </ClCompile>
    <ClCompile Include="src\libtommath\bn_mp_mulmod.c">
      <Filter>Source Files\libtommath</Filter>
    </ClCompile>
    <ClCompile Include="src\libtommath\bn_mp_n_root.c">
      <Filter>Source Files\libtommath</Filter>
    </ClCompile>
    <ClCompile Include="src\libtommath\bn_mp_neg.c">
      <Filter>Source Files\libtommath</Filter>
    </ClCompile>
    <ClCompile Include="src\libtommath\bn_mp_or.c">
      <Filter>Source Files\libtommath</Filter>
    </ClCompile>
    <ClCompile Include="src\libtommath\bn_mp_prime_fermat.c">
      <Filter>Source Files\libtommath</Filter>
    </ClCompile>
    <ClCompile Include="src\libtommath\bn_mp_prime_is_divisible.c">
      <Filter>Source Files\libtommath</Filter>
    </ClCompile>
    <ClCompile Include="src\libtommath\bn_mp_prime_is_prime.c">
      <Filter>Source Files\libtommath</Filter>
    </ClCompile>
    <ClCompile Include="src\libtommath\bn_mp_prime_miller_rabin.c">
      <Filter>Source Files\libtommath</Filter>
    </ClCompile>
    <ClCompile Include="src\libtommath\bn_mp_prime_next_prime.c">
      <Filter>Source Files\libtommath</Filter>
    </ClCompile>
    <ClCompile Include="src\libtommath\bn_mp_prime_rabin_miller_trials.c">
      <Filter>Source Files\libtommath</Filter>
    </ClCompile>
    <ClCompile Include="src\libtommath\bn_mp_prime_random_ex.c">
      <Filter>Source Files\libtommath</Filter>
    </ClCompile>
    <ClCompile Include="src\libtommath\bn_mp_radix_size.c">
      <Filter>Source Files\libtommath</Filter>
    </ClCompile>
    <ClCompile Include="src\libtommath\bn_mp_radix_smap.c">
      <Filter>Source Files\libtommath</Filter>
    </ClCompile>
    <ClCompile Include="src\libtommath\bn_mp_rand.c">
      <Filter>Source Files\libtommath</Filter>
    </ClCompile>
    <ClCompile Include="src\libtommath\bn_mp_read_radix.c">
      <Filter>Source Files\libtommath</Filter>
    </ClCompile>
    <ClCompile Include="src\libtommath\bn_mp_read_signed_bin.c">
      <Filter>Source Files\libtommath</Filter>
    </ClCompile>
    <ClCompile Include="src\libtommath\bn_mp_read_unsigned_bin.c">
      <Filter>Source Files\libtommath</Filter>
    </ClCompile>
    <ClCompile Include="src\libtommath\bn_mp_reduce.c">
      <Filter>Source Files\libtommath</Filter>
    </ClCompile>
    <ClCompile Include="src\libtommath\bn_mp_reduce_2k.c">
      <Filter>Source Files\libtommath</Filter>
    </ClCompile>
    <ClCompile Include="src\libtommath\bn_mp_reduce_2k_l.c">
      <Filter>Source Files\libtommath</Filter>
    </ClCompile>
    <ClCompile Include="src\libtommath\bn_mp_reduce_2k_setup.c">
      <Filter>Source Files\libtommath</Filter>
    </ClCompile>
    <ClCompile Include="src\libtommath\bn_mp_reduce_2k_setup_l.c">
      <Filter>Source Files\libtommath</Filter>
    </ClCompile>
    <ClCompile Include="src\libtommath\bn_mp_reduce_is_2k.c">
      <Filter>Source Files\libtommath</Filter>
    </ClCompile>
    <ClCompile Include="src\libtommath\bn_mp_reduce_is_2k_l.c">
      <Filter>Source Files\libtommath</Filter>
    </ClCompile>
    <ClCompile Include="src\libtommath\bn_mp_reduce_setup.c">
      <Filter>Source Files\libtommath</Filter>
    </ClCompile>
    <ClCompile Include="src\libtommath\bn_mp_rshd.c">
      <Filter>Source Files\libtommath</Filter>
    </ClCompile>
    <ClCompile Include="src\libtommath\bn_mp_set.c">
      <Filter>Source Files\libtommath</Filter>
    </ClCompile>
    <ClCompile Include="src\libtommath\bn_mp_set_int.c">
      <Filter>Source Files\libtommath</Filter>
    </ClCompile>
    <ClCompile Include="src\libtommath\bn_mp_shrink.c">
      <Filter>Source Files\libtommath</Filter>
    </ClCompile>
    <ClCompile Include="src\libtommath\bn_mp_signed_bin_size.c">
      <Filter>Source Files\libtommath</Filter>
    </ClCompile>
    <ClCompile Include="src\libtommath\bn_mp_sqr.c">
      <Filter>Source Files\libtommath</Filter>
    </ClCompile>
    <ClCompile Include="src\libtommath\bn_mp_sqrmod.c">
      <Filter>Source Files\libtommath</Filter>
    </ClCompile>
    <ClCompile Include="src\libtommath\bn_mp_sqrt.c">
      <Filter>Source Files\libtommath</Filter>
    </ClCompile>
    <ClCompile Include="src\libtommath\bn_mp_sub.c">
      <Filter>Source Files\libtommath</Filter>
    </ClCompile>
    <ClCompile Include="src\libtommath\bn_mp_sub_d.c">
      <Filter>Source Files\libtommath</Filter>
    </ClCompile>
    <ClCompile Include="src\libtommath\bn_mp_submod.c">
      <Filter>Source Files\libtommath</Filter>
    </ClCompile>
    <ClCompile Include="src\libtommath\bn_mp_to_signed_bin.c">
      <Filter>Source Files\libtommath</Filter>
    </ClCompile>
    <ClCompile Include="src\libtommath\bn_mp_to_signed_bin_n.c">
      <Filter>Source Files\libtommath</Filter>
    </ClCompile>
    <ClCompile Include="src\libtommath\bn_mp_to_unsigned_bin.c">
      <Filter>Source Files\libtommath</Filter>
    </ClCompile>
    <ClCompile Include="src\libtommath\bn_mp_to_unsigned_bin_n.c">
      <Filter>Source Files\libtommath</Filter>
    </ClCompile>
    <ClCompile Include="src\libtommath\bn_mp_toom_mul.c">
      <Filter>Source Files\libtommath</Filter>
    </ClCompile>
    <ClCompile Include="src\libtommath\bn_mp_toom_sqr.c">
      <Filter>Source Files\libtommath</Filter>
    </ClCompile>
    <ClCompile Include="src\libtommath\bn_mp_toradix.c">
      <Filter>Source Files\libtommath</Filter>
    </ClCompile>
    <ClCompile Include="src\libtommath\bn_mp_toradix_n.c">
      <Filter>Source Files\libtommath</Filter>
    </ClCompile>
    <ClCompile Include="src\libtommath\bn_mp_unsigned_bin_size.c">
      <Filter>Source Files\libtommath</Filter>
    </ClCompile>
    <ClCompile Include="src\libtommath\bn_mp_xor.c">
      <Filter>Source Files\libtommath</Filter>
    </ClCompile>
    <ClCompile Include="src\libtommath\bn_mp_zero.c">
      <Filter>Source Files\libtommath</Filter>
    </ClCompile>
    <ClCompile Include="src\libtommath\bn_prime_tab.c">
      <Filter>Source Files\libtommath</Filter>
    </ClCompile>
    <ClCompile Include="src\libtommath\bn_reverse.c">
      <Filter>Source Files\libtommath</Filter>
    </ClCompile>
    <ClCompile Include="src\libtommath\bn_s_mp_add.c">
      <Filter>Source Files\libtommath</Filter>
    </ClCompile>
    <ClCompile Include="src\libtommath\bn_s_mp_exptmod.c">
      <Filter>Source Files\libtommath</Filter>
    </ClCompile>
    <ClCompile Include="src\libtommath\bn_s_mp_mul_digs.c">
      <Filter>Source Files\libtommath</Filter>
    </ClCompile>
    <ClCompile Include="src\libtommath\bn_s_mp_mul_high_digs.c">
      <Filter>Source Files\libtommath</Filter>
    </ClCompile>
    <ClCompile Include="src\libtommath\bn_s_mp_sqr.c">
      <Filter>Source Files\libtommath</Filter>
    </ClCompile>
    <ClCompile Include="src\libtommath\bn_s_mp_sub.c">
      <Filter>Source Files\libtommath</Filter>
    </ClCompile>
    <ClCompile Include="src\libtommath\bncore.c">
      <Filter>Source Files\libtommath</Filter>
    </ClCompile>
    <ClCompile Include="src\lzma\C\LzFind.c">
      <Filter>Source Files\lzma</Filter>
    </ClCompile>
    <ClCompile Include="src\lzma\C\LzFindMt.c">
      <Filter>Source Files\lzma</Filter>
    </ClCompile>
    <ClCompile Include="src\lzma\C\LzmaDec.c">
      <Filter>Source Files\lzma</Filter>
    </ClCompile>
    <ClCompile Include="src\lzma\C\LzmaEnc.c">
      <Filter>Source Files\lzma</Filter>
    </ClCompile>
    <ClCompile Include="src\lzma\C\Threads.c">
      <Filter>Source Files\lzma</Filter>
    </ClCompile>
    <ClCompile Include="src\pklib\explode.c">
      <Filter>Source Files\pklib</Filter>
    </ClCompile>
    <ClCompile Include="src\pklib\implode.c">
      <Filter>Source Files\pklib</Filter>
    </ClCompile>
    <ClCompile Include="src\sparse\sparse.cpp">
      <Filter>Source Files\sparse</Filter>
    </ClCompile>
    <ClCompile Include="src\zlib\adler32.c">
      <Filter>Source Files\zlib</Filter>
    </ClCompile>
    <ClCompile Include="src\zlib\compress_zlib.c">
      <Filter>Source Files\zlib</Filter>
    </ClCompile>
    <ClCompile Include="src\zlib\crc32.c">
      <Filter>Source Files\zlib</Filter>
    </ClCompile>
    <ClCompile Include="src\zlib\deflate.c">
      <Filter>Source Files\zlib</Filter>
    </ClCompile>
    <ClCompile Include="src\zlib\inffast.c">
      <Filter>Source Files\zlib</Filter>
    </ClCompile>
    <ClCompile Include="src\zlib\inflate.c">
      <Filter>Source Files\zlib</Filter>
    </ClCompile>
    <ClCompile Include="src\zlib\inftrees.c">
      <Filter>Source Files\zlib</Filter>
    </ClCompile>
    <ClCompile Include="src\zlib\trees.c">
      <Filter>Source Files\zlib</Filter>
    </ClCompile>
    <ClCompile Include="src\zlib\zutil.c">
      <Filter>Source Files\zlib</Filter>
    </ClCompile>
    <ClCompile Include="src\jenkins\lookup3.c">
      <Filter>Source Files\jenkins</Filter>
    </ClCompile>
  </ItemGroup>
</Project>